PODS:
  - Alamofire (3.3.0)
  - libPhoneNumber-iOS (0.8.11)
  - ReachabilitySwift (2.3.3)
  - Starscream (1.1.2)
  - SwiftyJSON (2.3.2)

DEPENDENCIES:
  - Alamofire
  - libPhoneNumber-iOS (~> 0.8)
  - ReachabilitySwift (from `https://github.com/ashleymills/Reachability.swift`)
  - Starscream (~> 1.1.1)
  - SwiftyJSON (from `https://github.com/SwiftyJSON/SwiftyJSON.git`)

EXTERNAL SOURCES:
  ReachabilitySwift:
    :git: https://github.com/ashleymills/Reachability.swift
  SwiftyJSON:
    :git: https://github.com/SwiftyJSON/SwiftyJSON.git

CHECKOUT OPTIONS:
  ReachabilitySwift:
    :commit: fa90df50c04f5743fbdf643cbe8d10562d75673d
    :git: https://github.com/ashleymills/Reachability.swift
  SwiftyJSON:
    :commit: 2a5b70f06001316d4fb54501edc70b4084705da0
    :git: https://github.com/SwiftyJSON/SwiftyJSON.git

SPEC CHECKSUMS:
  Alamofire: 9054db4a1b1ca9e363223183e01cea380159a27c
  libPhoneNumber-iOS: ded33fab2c51ee847979556aa504c9e70f32d703
  ReachabilitySwift: e0f6b6f280effb47731acfaaa2d5ffe223703793
  Starscream: 58a12fd35a3cb6aaa105716c2d42765f7c1c732f
  SwiftyJSON: 04ccea08915aa0109039157c7974cf0298da292a

COCOAPODS: 0.39.0
