PODS:
  - Alamofire (3.3.1)
  - AsyncImageDownloaderOSX (1.0.0)
  - INAppStoreWindow (1.4)
  - libPhoneNumber-iOS (0.8.11)
  - QRCoder (0.2.0)
  - ReachabilitySwift (2.3.3)
  - SNRFetchedResultsController (0.0.1)
  - Starscream (1.1.3)
  - Swifter (1.2.6)
  - SwiftyJSON (2.3.2)

DEPENDENCIES:
  - Alamofire
  - AsyncImageDownloaderOSX (~> 1.0.0)
  - INAppStoreWindow
  - libPhoneNumber-iOS
  - QRCoder
  - ReachabilitySwift
  - SNRFetchedResultsController
  - Starscream
  - Swifter (~> 1.2.6)
  - SwiftyJSON (from `https://github.com/SwiftyJSON/SwiftyJSON.git`)

EXTERNAL SOURCES:
  SwiftyJSON:
    :git: https://github.com/SwiftyJSON/SwiftyJSON.git

CHECKOUT OPTIONS:
  SwiftyJSON:
    :commit: 2a5b70f06001316d4fb54501edc70b4084705da0
    :git: https://github.com/SwiftyJSON/SwiftyJSON.git

SPEC CHECKSUMS:
  Alamofire: 369bc67b6f5ac33ded3648d7bd21c5bfb91c2ecc
  AsyncImageDownloaderOSX: c1170d6e93bebb9c47144533a7970b9c3f574f21
  INAppStoreWindow: 4fd569f7435557239e78316de139e886ccbaec4d
  libPhoneNumber-iOS: ded33fab2c51ee847979556aa504c9e70f32d703
  QRCoder: d9431c26635e42aef746063f9c7951539a0e3c49
  ReachabilitySwift: e0f6b6f280effb47731acfaaa2d5ffe223703793
  SNRFetchedResultsController: fdc66fffef8b4d6bef9440a1c2e2e166a82541a7
  Starscream: d662732354b40dd19ed1ece3e3c44c80b536b83c
  Swifter: c6f13d053398f1e2f209c7a394dfd5e863ae0157
  SwiftyJSON: 04ccea08915aa0109039157c7974cf0298da292a

PODFILE CHECKSUM: '09e9b6a7e789e266a2d8288bbc18b31895aff64d'

COCOAPODS: 1.0.1
